
Microsoft Visual Studio Solution File, Format Version 12.00
# Visual Studio Version 16
VisualStudioVersion = 16.0.29215.179
MinimumVisualStudioVersion = 10.0.40219.1
Project("{2150E333-8FDC-42A3-9474-1A3956D46DE8}") = "Application", "Application", "{9B5E927A-549A-426F-B894-02E83B0CBA82}"
EndProject
Project("{2150E333-8FDC-42A3-9474-1A3956D46DE8}") = "Domain", "Domain", "{842AD35E-C92F-4B9C-BECF-DD139454A26F}"
EndProject
Project("{2150E333-8FDC-42A3-9474-1A3956D46DE8}") = "Infra.IoC", "Infra.IoC", "{4B6EA650-119F-415A-AB30-4675DCB1C558}"
EndProject
Project("{2150E333-8FDC-42A3-9474-1A3956D46DE8}") = "Presentation", "Presentation", "{8BED5D5A-8E85-4D84-929F-2BDB072FA420}"
EndProject
Project("{9A19103F-16F7-4668-BE54-9A1E7A4F7556}") = "CleanArch.mvc", "CleanArch.mvc\CleanArch.mvc.csproj", "{AE5C9FE5-336D-4C4D-B72D-C9F86DE442E6}"
EndProject
Project("{9A19103F-16F7-4668-BE54-9A1E7A4F7556}") = "CleanArch.Domain", "CleanArch.Domain\CleanArch.Domain.csproj", "{6672CEF9-2CAC-4516-A708-2FE9BF35BBA1}"
EndProject
Project("{2150E333-8FDC-42A3-9474-1A3956D46DE8}") = "Infra.Data", "Infra.Data", "{04B23013-EA81-4BD3-AF48-4A1C41285396}"
EndProject
Project("{9A19103F-16F7-4668-BE54-9A1E7A4F7556}") = "CleanArch.Infra.Data", "CleanArch.Infra.Data\CleanArch.Infra.Data.csproj", "{7D76E0E8-2E5B-4EBD-B838-40057464642F}"
EndProject
Project("{FAE04EC0-301F-11D3-BF4B-00C04F79EFBC}") = "CleanArch.Application", "CleanArch.Application\CleanArch.Application.csproj", "{F5CA4850-18FB-43DA-B03F-72FC2858A869}"
EndProject
Global
	GlobalSection(SolutionConfigurationPlatforms) = preSolution
		Debug|Any CPU = Debug|Any CPU
		Release|Any CPU = Release|Any CPU
	EndGlobalSection
	GlobalSection(ProjectConfigurationPlatforms) = postSolution
		{AE5C9FE5-336D-4C4D-B72D-C9F86DE442E6}.Debug|Any CPU.ActiveCfg = Debug|Any CPU
		{AE5C9FE5-336D-4C4D-B72D-C9F86DE442E6}.Debug|Any CPU.Build.0 = Debug|Any CPU
		{AE5C9FE5-336D-4C4D-B72D-C9F86DE442E6}.Release|Any CPU.ActiveCfg = Release|Any CPU
		{AE5C9FE5-336D-4C4D-B72D-C9F86DE442E6}.Release|Any CPU.Build.0 = Release|Any CPU
		{6672CEF9-2CAC-4516-A708-2FE9BF35BBA1}.Debug|Any CPU.ActiveCfg = Debug|Any CPU
		{6672CEF9-2CAC-4516-A708-2FE9BF35BBA1}.Debug|Any CPU.Build.0 = Debug|Any CPU
		{6672CEF9-2CAC-4516-A708-2FE9BF35BBA1}.Release|Any CPU.ActiveCfg = Release|Any CPU
		{6672CEF9-2CAC-4516-A708-2FE9BF35BBA1}.Release|Any CPU.Build.0 = Release|Any CPU
		{7D76E0E8-2E5B-4EBD-B838-40057464642F}.Debug|Any CPU.ActiveCfg = Debug|Any CPU
		{7D76E0E8-2E5B-4EBD-B838-40057464642F}.Debug|Any CPU.Build.0 = Debug|Any CPU
		{7D76E0E8-2E5B-4EBD-B838-40057464642F}.Release|Any CPU.ActiveCfg = Release|Any CPU
		{7D76E0E8-2E5B-4EBD-B838-40057464642F}.Release|Any CPU.Build.0 = Release|Any CPU
		{F5CA4850-18FB-43DA-B03F-72FC2858A869}.Debug|Any CPU.ActiveCfg = Debug|Any CPU
		{F5CA4850-18FB-43DA-B03F-72FC2858A869}.Debug|Any CPU.Build.0 = Debug|Any CPU
		{F5CA4850-18FB-43DA-B03F-72FC2858A869}.Release|Any CPU.ActiveCfg = Release|Any CPU
		{F5CA4850-18FB-43DA-B03F-72FC2858A869}.Release|Any CPU.Build.0 = Release|Any CPU
	EndGlobalSection
	GlobalSection(SolutionProperties) = preSolution
		HideSolutionNode = FALSE
	EndGlobalSection
	GlobalSection(NestedProjects) = preSolution
		{AE5C9FE5-336D-4C4D-B72D-C9F86DE442E6} = {8BED5D5A-8E85-4D84-929F-2BDB072FA420}
		{6672CEF9-2CAC-4516-A708-2FE9BF35BBA1} = {842AD35E-C92F-4B9C-BECF-DD139454A26F}
		{7D76E0E8-2E5B-4EBD-B838-40057464642F} = {04B23013-EA81-4BD3-AF48-4A1C41285396}
		{F5CA4850-18FB-43DA-B03F-72FC2858A869} = {9B5E927A-549A-426F-B894-02E83B0CBA82}
	EndGlobalSection
	GlobalSection(ExtensibilityGlobals) = postSolution
		SolutionGuid = {477E1381-E151-4677-89CC-53DD7DD8ADCF}
	EndGlobalSection
EndGlobal
